
Microsoft Visual Studio Solution File, Format Version 12.00
# Visual Studio Version 16
VisualStudioVersion = 16.0.31005.135
MinimumVisualStudioVersion = 10.0.40219.1
Project("{FAE04EC0-301F-11D3-BF4B-00C04F79EFBC}") = "GameControl", "GameControl\GameControl.csproj", "{86491038-CC50-4C76-95F1-FB20E389EA7E}"
EndProject
Project("{FAE04EC0-301F-11D3-BF4B-00C04F79EFBC}") = "Repository", "Repository\Repository.csproj", "{5FA44EE9-DD31-4544-A5FF-E5FA14449840}"
EndProject
Project("{FAE04EC0-301F-11D3-BF4B-00C04F79EFBC}") = "GameModel", "GameModel\GameModel.csproj", "{AB51CC86-9401-4919-8869-3A5CC8934438}"
EndProject
Project("{FAE04EC0-301F-11D3-BF4B-00C04F79EFBC}") = "GameLogic", "GameLogic\GameLogic.csproj", "{C9320194-57FF-4A38-8D03-0BDB9861F20C}"
EndProject
Project("{FAE04EC0-301F-11D3-BF4B-00C04F79EFBC}") = "GameLogicTests", "GameLogicTests\GameLogicTests.csproj", "{876C0B55-2767-4C4E-BF23-E900DA22C199}"
EndProject
Project("{FAE04EC0-301F-11D3-BF4B-00C04F79EFBC}") = "GameRenderer", "GameRenderer\GameRenderer.csproj", "{EFE13574-BCAD-4243-854C-525421D30F32}"
EndProject
Global
	GlobalSection(SolutionConfigurationPlatforms) = preSolution
		Debug|Any CPU = Debug|Any CPU
		Release|Any CPU = Release|Any CPU
	EndGlobalSection
	GlobalSection(ProjectConfigurationPlatforms) = postSolution
		{86491038-CC50-4C76-95F1-FB20E389EA7E}.Debug|Any CPU.ActiveCfg = Debug|Any CPU
		{86491038-CC50-4C76-95F1-FB20E389EA7E}.Debug|Any CPU.Build.0 = Debug|Any CPU
		{86491038-CC50-4C76-95F1-FB20E389EA7E}.Release|Any CPU.ActiveCfg = Release|Any CPU
		{86491038-CC50-4C76-95F1-FB20E389EA7E}.Release|Any CPU.Build.0 = Release|Any CPU
		{5FA44EE9-DD31-4544-A5FF-E5FA14449840}.Debug|Any CPU.ActiveCfg = Debug|Any CPU
		{5FA44EE9-DD31-4544-A5FF-E5FA14449840}.Debug|Any CPU.Build.0 = Debug|Any CPU
		{5FA44EE9-DD31-4544-A5FF-E5FA14449840}.Release|Any CPU.ActiveCfg = Release|Any CPU
		{5FA44EE9-DD31-4544-A5FF-E5FA14449840}.Release|Any CPU.Build.0 = Release|Any CPU
		{AB51CC86-9401-4919-8869-3A5CC8934438}.Debug|Any CPU.ActiveCfg = Debug|Any CPU
		{AB51CC86-9401-4919-8869-3A5CC8934438}.Debug|Any CPU.Build.0 = Debug|Any CPU
		{AB51CC86-9401-4919-8869-3A5CC8934438}.Release|Any CPU.ActiveCfg = Release|Any CPU
		{AB51CC86-9401-4919-8869-3A5CC8934438}.Release|Any CPU.Build.0 = Release|Any CPU
		{C9320194-57FF-4A38-8D03-0BDB9861F20C}.Debug|Any CPU.ActiveCfg = Debug|Any CPU
		{C9320194-57FF-4A38-8D03-0BDB9861F20C}.Debug|Any CPU.Build.0 = Debug|Any CPU
		{C9320194-57FF-4A38-8D03-0BDB9861F20C}.Release|Any CPU.ActiveCfg = Release|Any CPU
		{C9320194-57FF-4A38-8D03-0BDB9861F20C}.Release|Any CPU.Build.0 = Release|Any CPU
		{876C0B55-2767-4C4E-BF23-E900DA22C199}.Debug|Any CPU.ActiveCfg = Debug|Any CPU
		{876C0B55-2767-4C4E-BF23-E900DA22C199}.Debug|Any CPU.Build.0 = Debug|Any CPU
		{876C0B55-2767-4C4E-BF23-E900DA22C199}.Release|Any CPU.ActiveCfg = Release|Any CPU
		{876C0B55-2767-4C4E-BF23-E900DA22C199}.Release|Any CPU.Build.0 = Release|Any CPU
		{EFE13574-BCAD-4243-854C-525421D30F32}.Debug|Any CPU.ActiveCfg = Debug|Any CPU
		{EFE13574-BCAD-4243-854C-525421D30F32}.Debug|Any CPU.Build.0 = Debug|Any CPU
		{EFE13574-BCAD-4243-854C-525421D30F32}.Release|Any CPU.ActiveCfg = Release|Any CPU
		{EFE13574-BCAD-4243-854C-525421D30F32}.Release|Any CPU.Build.0 = Release|Any CPU
	EndGlobalSection
	GlobalSection(SolutionProperties) = preSolution
		HideSolutionNode = FALSE
	EndGlobalSection
	GlobalSection(ExtensibilityGlobals) = postSolution
		SolutionGuid = {8A39C5BB-4F69-48DC-AB45-ABDB77542C1B}
	EndGlobalSection
EndGlobal
